
Microsoft Visual Studio Solution File, Format Version 12.00
# Visual Studio Version 17
VisualStudioVersion = 17.3.32819.101
MinimumVisualStudioVersion = 10.0.40219.1
Project("{FAE04EC0-301F-11D3-BF4B-00C04F79EFBC}") = "ex10while loops", "ex10while loops.csproj", "{AC6679CB-133E-45F0-A705-77D11D405AED}"
EndProject
Global
	GlobalSection(SolutionConfigurationPlatforms) = preSolution
		Debug|Any CPU = Debug|Any CPU
		Release|Any CPU = Release|Any CPU
	EndGlobalSection
	GlobalSection(ProjectConfigurationPlatforms) = postSolution
		{AC6679CB-133E-45F0-A705-77D11D405AED}.Debug|Any CPU.ActiveCfg = Debug|Any CPU
		{AC6679CB-133E-45F0-A705-77D11D405AED}.Debug|Any CPU.Build.0 = Debug|Any CPU
		{AC6679CB-133E-45F0-A705-77D11D405AED}.Release|Any CPU.ActiveCfg = Release|Any CPU
		{AC6679CB-133E-45F0-A705-77D11D405AED}.Release|Any CPU.Build.0 = Release|Any CPU
	EndGlobalSection
	GlobalSection(SolutionProperties) = preSolution
		HideSolutionNode = FALSE
	EndGlobalSection
	GlobalSection(ExtensibilityGlobals) = postSolution
		SolutionGuid = {0D2BB7B2-4E99-4481-BDEB-530828F15074}
	EndGlobalSection
EndGlobal
